
Microsoft Visual Studio Solution File, Format Version 12.00
# Visual Studio Version 17
VisualStudioVersion = 17.8.34601.278
MinimumVisualStudioVersion = 10.0.40219.1
Project("{FAE04EC0-301F-11D3-BF4B-00C04F79EFBC}") = "Uygulama4Sayfa168", "Uygulama4Sayfa168\Uygulama4Sayfa168.csproj", "{AF90C735-A710-49A8-9E5C-7328B7FEE53F}"
EndProject
Global
	GlobalSection(SolutionConfigurationPlatforms) = preSolution
		Debug|Any CPU = Debug|Any CPU
		Release|Any CPU = Release|Any CPU
	EndGlobalSection
	GlobalSection(ProjectConfigurationPlatforms) = postSolution
		{AF90C735-A710-49A8-9E5C-7328B7FEE53F}.Debug|Any CPU.ActiveCfg = Debug|Any CPU
		{AF90C735-A710-49A8-9E5C-7328B7FEE53F}.Debug|Any CPU.Build.0 = Debug|Any CPU
		{AF90C735-A710-49A8-9E5C-7328B7FEE53F}.Release|Any CPU.ActiveCfg = Release|Any CPU
		{AF90C735-A710-49A8-9E5C-7328B7FEE53F}.Release|Any CPU.Build.0 = Release|Any CPU
	EndGlobalSection
	GlobalSection(SolutionProperties) = preSolution
		HideSolutionNode = FALSE
	EndGlobalSection
	GlobalSection(ExtensibilityGlobals) = postSolution
		SolutionGuid = {66A690CF-44FB-44DC-B815-AD06A4A218E4}
	EndGlobalSection
EndGlobal
